
Microsoft Visual Studio Solution File, Format Version 12.00
# Visual Studio Version 17
VisualStudioVersion = 17.5.002.0
MinimumVisualStudioVersion = 10.0.40219.1
Project("{9A19103F-16F7-4668-BE54-9A1E7A4F7556}") = "TestProject2", "TestProject2.csproj", "{8AEB4990-46A5-4B4D-A2EF-7BAB4691EF57}"
EndProject
Global
	GlobalSection(SolutionConfigurationPlatforms) = preSolution
		Debug|Any CPU = Debug|Any CPU
		Release|Any CPU = Release|Any CPU
	EndGlobalSection
	GlobalSection(ProjectConfigurationPlatforms) = postSolution
		{8AEB4990-46A5-4B4D-A2EF-7BAB4691EF57}.Debug|Any CPU.ActiveCfg = Debug|Any CPU
		{8AEB4990-46A5-4B4D-A2EF-7BAB4691EF57}.Debug|Any CPU.Build.0 = Debug|Any CPU
		{8AEB4990-46A5-4B4D-A2EF-7BAB4691EF57}.Release|Any CPU.ActiveCfg = Release|Any CPU
		{8AEB4990-46A5-4B4D-A2EF-7BAB4691EF57}.Release|Any CPU.Build.0 = Release|Any CPU
	EndGlobalSection
	GlobalSection(SolutionProperties) = preSolution
		HideSolutionNode = FALSE
	EndGlobalSection
	GlobalSection(ExtensibilityGlobals) = postSolution
		SolutionGuid = {3E4304EB-0FA6-4C7F-B26C-3CF72BDAF05C}
	EndGlobalSection
EndGlobal
