
Microsoft Visual Studio Solution File, Format Version 12.00
# Visual Studio Version 17
VisualStudioVersion = 17.5.001.0
MinimumVisualStudioVersion = 10.0.40219.1
Project("{9A19103F-16F7-4668-BE54-9A1E7A4F7556}") = "Starter", "Starter\Starter.csproj", "{861CCA93-6563-4653-92E5-144839714AAE}"
EndProject
Project("{9A19103F-16F7-4668-BE54-9A1E7A4F7556}") = "Final", "Final\Final.csproj", "{1255C693-E881-4365-A7AF-0239BA743316}"
EndProject
Global
	GlobalSection(SolutionConfigurationPlatforms) = preSolution
		Debug|Any CPU = Debug|Any CPU
		Release|Any CPU = Release|Any CPU
	EndGlobalSection
	GlobalSection(ProjectConfigurationPlatforms) = postSolution
		{861CCA93-6563-4653-92E5-144839714AAE}.Debug|Any CPU.ActiveCfg = Debug|Any CPU
		{861CCA93-6563-4653-92E5-144839714AAE}.Debug|Any CPU.Build.0 = Debug|Any CPU
		{861CCA93-6563-4653-92E5-144839714AAE}.Release|Any CPU.ActiveCfg = Release|Any CPU
		{861CCA93-6563-4653-92E5-144839714AAE}.Release|Any CPU.Build.0 = Release|Any CPU
		{1255C693-E881-4365-A7AF-0239BA743316}.Debug|Any CPU.ActiveCfg = Debug|Any CPU
		{1255C693-E881-4365-A7AF-0239BA743316}.Debug|Any CPU.Build.0 = Debug|Any CPU
		{1255C693-E881-4365-A7AF-0239BA743316}.Release|Any CPU.ActiveCfg = Release|Any CPU
		{1255C693-E881-4365-A7AF-0239BA743316}.Release|Any CPU.Build.0 = Release|Any CPU
	EndGlobalSection
	GlobalSection(SolutionProperties) = preSolution
		HideSolutionNode = FALSE
	EndGlobalSection
	GlobalSection(ExtensibilityGlobals) = postSolution
		SolutionGuid = {769016B6-14FC-48FD-9E44-B336501D916A}
	EndGlobalSection
EndGlobal
