
Microsoft Visual Studio Solution File, Format Version 12.00
# Visual Studio Version 17
VisualStudioVersion = 17.5.001.0
MinimumVisualStudioVersion = 10.0.40219.1
Project("{9A19103F-16F7-4668-BE54-9A1E7A4F7556}") = "TestProject", "TestProject.csproj", "{0F309276-4638-4E9A-815E-02198A164267}"
EndProject
Global
	GlobalSection(SolutionConfigurationPlatforms) = preSolution
		Debug|Any CPU = Debug|Any CPU
		Release|Any CPU = Release|Any CPU
	EndGlobalSection
	GlobalSection(ProjectConfigurationPlatforms) = postSolution
		{0F309276-4638-4E9A-815E-02198A164267}.Debug|Any CPU.ActiveCfg = Debug|Any CPU
		{0F309276-4638-4E9A-815E-02198A164267}.Debug|Any CPU.Build.0 = Debug|Any CPU
		{0F309276-4638-4E9A-815E-02198A164267}.Release|Any CPU.ActiveCfg = Release|Any CPU
		{0F309276-4638-4E9A-815E-02198A164267}.Release|Any CPU.Build.0 = Release|Any CPU
	EndGlobalSection
	GlobalSection(SolutionProperties) = preSolution
		HideSolutionNode = FALSE
	EndGlobalSection
	GlobalSection(ExtensibilityGlobals) = postSolution
		SolutionGuid = {0797D22D-8DB4-42FE-AA61-D227C46CFF12}
	EndGlobalSection
EndGlobal
