
Microsoft Visual Studio Solution File, Format Version 12.00
# Visual Studio Version 17
VisualStudioVersion = 17.5.001.0
MinimumVisualStudioVersion = 10.0.40219.1
Project("{9A19103F-16F7-4668-BE54-9A1E7A4F7556}") = "Final", "Final.csproj", "{4CF5D371-701B-4CEC-B365-8F6EE6A52873}"
EndProject
Global
	GlobalSection(SolutionConfigurationPlatforms) = preSolution
		Debug|Any CPU = Debug|Any CPU
		Release|Any CPU = Release|Any CPU
	EndGlobalSection
	GlobalSection(ProjectConfigurationPlatforms) = postSolution
		{4CF5D371-701B-4CEC-B365-8F6EE6A52873}.Debug|Any CPU.ActiveCfg = Debug|Any CPU
		{4CF5D371-701B-4CEC-B365-8F6EE6A52873}.Debug|Any CPU.Build.0 = Debug|Any CPU
		{4CF5D371-701B-4CEC-B365-8F6EE6A52873}.Release|Any CPU.ActiveCfg = Release|Any CPU
		{4CF5D371-701B-4CEC-B365-8F6EE6A52873}.Release|Any CPU.Build.0 = Release|Any CPU
	EndGlobalSection
	GlobalSection(SolutionProperties) = preSolution
		HideSolutionNode = FALSE
	EndGlobalSection
	GlobalSection(ExtensibilityGlobals) = postSolution
		SolutionGuid = {A500784C-18E3-4D7C-AFDC-382D1C5B500C}
	EndGlobalSection
EndGlobal
